
Microsoft Visual Studio Solution File, Format Version 12.00
# Visual Studio Version 17
VisualStudioVersion = 17.5.002.0
MinimumVisualStudioVersion = 10.0.40219.1
Project("{9A19103F-16F7-4668-BE54-9A1E7A4F7556}") = "VehiclePriceCalc", "VehiclePriceCalc.csproj", "{AC011190-F597-4DB4-B9FA-857F29D70B58}"
EndProject
Global
	GlobalSection(SolutionConfigurationPlatforms) = preSolution
		Debug|Any CPU = Debug|Any CPU
		Release|Any CPU = Release|Any CPU
	EndGlobalSection
	GlobalSection(ProjectConfigurationPlatforms) = postSolution
		{AC011190-F597-4DB4-B9FA-857F29D70B58}.Debug|Any CPU.ActiveCfg = Debug|Any CPU
		{AC011190-F597-4DB4-B9FA-857F29D70B58}.Debug|Any CPU.Build.0 = Debug|Any CPU
		{AC011190-F597-4DB4-B9FA-857F29D70B58}.Release|Any CPU.ActiveCfg = Release|Any CPU
		{AC011190-F597-4DB4-B9FA-857F29D70B58}.Release|Any CPU.Build.0 = Release|Any CPU
	EndGlobalSection
	GlobalSection(SolutionProperties) = preSolution
		HideSolutionNode = FALSE
	EndGlobalSection
	GlobalSection(ExtensibilityGlobals) = postSolution
		SolutionGuid = {F7A309CC-6AD0-42F2-B6B1-D9011662DAE8}
	EndGlobalSection
EndGlobal
